# This file is autogenerated, do not edit; changes may be undone by the next 'dep ensure'.


[[projects]]
  name = "github.com/olorin/nagiosplugin"
  packages = ["."]
  revision = "45f5074f5e843de86ff40fd12ee0628d0e6a9780"
  version = "v1.2.0"

[solve-meta]
  analyzer-name = "dep"
  analyzer-version = 1
  inputs-digest = "53e5dc130a7224d0619154cead7669e85128b0b95e7ec8c906a4dacee55023bb"
  solver-name = "gps-cdcl"
  solver-version = 1
